
Microsoft Visual Studio Solution File, Format Version 12.00
# Visual Studio Version 17
VisualStudioVersion = 17.6.33829.357
MinimumVisualStudioVersion = 10.0.40219.1
Project("{FAE04EC0-301F-11D3-BF4B-00C04F79EFBC}") = "ATIVIDADE_CISNE", "ATIVIDADE_CISNE.csproj", "{C8FABF88-3C09-4A47-8F7B-3D684B0D49DC}"
EndProject
Global
	GlobalSection(SolutionConfigurationPlatforms) = preSolution
		Debug|Any CPU = Debug|Any CPU
		Release|Any CPU = Release|Any CPU
	EndGlobalSection
	GlobalSection(ProjectConfigurationPlatforms) = postSolution
		{C8FABF88-3C09-4A47-8F7B-3D684B0D49DC}.Debug|Any CPU.ActiveCfg = Debug|Any CPU
		{C8FABF88-3C09-4A47-8F7B-3D684B0D49DC}.Debug|Any CPU.Build.0 = Debug|Any CPU
		{C8FABF88-3C09-4A47-8F7B-3D684B0D49DC}.Release|Any CPU.ActiveCfg = Release|Any CPU
		{C8FABF88-3C09-4A47-8F7B-3D684B0D49DC}.Release|Any CPU.Build.0 = Release|Any CPU
	EndGlobalSection
	GlobalSection(SolutionProperties) = preSolution
		HideSolutionNode = FALSE
	EndGlobalSection
	GlobalSection(ExtensibilityGlobals) = postSolution
		SolutionGuid = {BBCCDA4B-ACAE-4689-8A0F-F5A202F0206D}
	EndGlobalSection
EndGlobal
