
Microsoft Visual Studio Solution File, Format Version 12.00
# Visual Studio Version 17
VisualStudioVersion = 17.6.33829.357
MinimumVisualStudioVersion = 10.0.40219.1
Project("{FAE04EC0-301F-11D3-BF4B-00C04F79EFBC}") = "ATIVIDADE_CORUJA", "ATIVIDADE_CORUJA.csproj", "{23A566FB-0959-4C38-ACA7-B8F44408965B}"
EndProject
Global
	GlobalSection(SolutionConfigurationPlatforms) = preSolution
		Debug|Any CPU = Debug|Any CPU
		Release|Any CPU = Release|Any CPU
	EndGlobalSection
	GlobalSection(ProjectConfigurationPlatforms) = postSolution
		{23A566FB-0959-4C38-ACA7-B8F44408965B}.Debug|Any CPU.ActiveCfg = Debug|Any CPU
		{23A566FB-0959-4C38-ACA7-B8F44408965B}.Debug|Any CPU.Build.0 = Debug|Any CPU
		{23A566FB-0959-4C38-ACA7-B8F44408965B}.Release|Any CPU.ActiveCfg = Release|Any CPU
		{23A566FB-0959-4C38-ACA7-B8F44408965B}.Release|Any CPU.Build.0 = Release|Any CPU
	EndGlobalSection
	GlobalSection(SolutionProperties) = preSolution
		HideSolutionNode = FALSE
	EndGlobalSection
	GlobalSection(ExtensibilityGlobals) = postSolution
		SolutionGuid = {AF8D5A4D-F8B7-4422-8F16-7258178D5DDE}
	EndGlobalSection
EndGlobal
